
Microsoft Visual Studio Solution File, Format Version 12.00
# Visual Studio Version 16
VisualStudioVersion = 16.0.30503.244
MinimumVisualStudioVersion = 10.0.40219.1
Project("{FAE04EC0-301F-11D3-BF4B-00C04F79EFBC}") = "Logic3a", "Logic3a\Logic3a.csproj", "{2936B8D6-0E6C-4CBA-8FC4-07C2D79D1BD3}"
EndProject
Global
	GlobalSection(SolutionConfigurationPlatforms) = preSolution
		Debug|Any CPU = Debug|Any CPU
		Release|Any CPU = Release|Any CPU
	EndGlobalSection
	GlobalSection(ProjectConfigurationPlatforms) = postSolution
		{2936B8D6-0E6C-4CBA-8FC4-07C2D79D1BD3}.Debug|Any CPU.ActiveCfg = Debug|Any CPU
		{2936B8D6-0E6C-4CBA-8FC4-07C2D79D1BD3}.Debug|Any CPU.Build.0 = Debug|Any CPU
		{2936B8D6-0E6C-4CBA-8FC4-07C2D79D1BD3}.Release|Any CPU.ActiveCfg = Release|Any CPU
		{2936B8D6-0E6C-4CBA-8FC4-07C2D79D1BD3}.Release|Any CPU.Build.0 = Release|Any CPU
	EndGlobalSection
	GlobalSection(SolutionProperties) = preSolution
		HideSolutionNode = FALSE
	EndGlobalSection
	GlobalSection(ExtensibilityGlobals) = postSolution
		SolutionGuid = {097F042E-B4F6-4BB8-ACCD-5CC8BE232ABA}
	EndGlobalSection
EndGlobal
