
Microsoft Visual Studio Solution File, Format Version 12.00
# Visual Studio Version 16
VisualStudioVersion = 16.0.31005.135
MinimumVisualStudioVersion = 10.0.40219.1
Project("{FAE04EC0-301F-11D3-BF4B-00C04F79EFBC}") = "Arrays", "Arrays\Arrays.csproj", "{ECC401BA-EA2D-4C1F-A992-6E41A192846C}"
EndProject
Global
	GlobalSection(SolutionConfigurationPlatforms) = preSolution
		Debug|Any CPU = Debug|Any CPU
		Release|Any CPU = Release|Any CPU
	EndGlobalSection
	GlobalSection(ProjectConfigurationPlatforms) = postSolution
		{ECC401BA-EA2D-4C1F-A992-6E41A192846C}.Debug|Any CPU.ActiveCfg = Debug|Any CPU
		{ECC401BA-EA2D-4C1F-A992-6E41A192846C}.Debug|Any CPU.Build.0 = Debug|Any CPU
		{ECC401BA-EA2D-4C1F-A992-6E41A192846C}.Release|Any CPU.ActiveCfg = Release|Any CPU
		{ECC401BA-EA2D-4C1F-A992-6E41A192846C}.Release|Any CPU.Build.0 = Release|Any CPU
	EndGlobalSection
	GlobalSection(SolutionProperties) = preSolution
		HideSolutionNode = FALSE
	EndGlobalSection
	GlobalSection(ExtensibilityGlobals) = postSolution
		SolutionGuid = {20623CD2-9064-44F4-A362-1FD31EFEA4BE}
	EndGlobalSection
EndGlobal
