
Microsoft Visual Studio Solution File, Format Version 12.00
# Visual Studio Version 16
VisualStudioVersion = 16.0.30503.244
MinimumVisualStudioVersion = 10.0.40219.1
Project("{FAE04EC0-301F-11D3-BF4B-00C04F79EFBC}") = "CharactersAndStrings", "CharactersAndStrings\CharactersAndStrings.csproj", "{00F454DF-90EB-485D-B2D7-0D19AFF94BCC}"
EndProject
Global
	GlobalSection(SolutionConfigurationPlatforms) = preSolution
		Debug|Any CPU = Debug|Any CPU
		Release|Any CPU = Release|Any CPU
	EndGlobalSection
	GlobalSection(ProjectConfigurationPlatforms) = postSolution
		{00F454DF-90EB-485D-B2D7-0D19AFF94BCC}.Debug|Any CPU.ActiveCfg = Debug|Any CPU
		{00F454DF-90EB-485D-B2D7-0D19AFF94BCC}.Debug|Any CPU.Build.0 = Debug|Any CPU
		{00F454DF-90EB-485D-B2D7-0D19AFF94BCC}.Release|Any CPU.ActiveCfg = Release|Any CPU
		{00F454DF-90EB-485D-B2D7-0D19AFF94BCC}.Release|Any CPU.Build.0 = Release|Any CPU
	EndGlobalSection
	GlobalSection(SolutionProperties) = preSolution
		HideSolutionNode = FALSE
	EndGlobalSection
	GlobalSection(ExtensibilityGlobals) = postSolution
		SolutionGuid = {19702C4D-841F-4FC4-AFD9-9A85461C4018}
	EndGlobalSection
EndGlobal
