
Microsoft Visual Studio Solution File, Format Version 12.00
# Visual Studio Version 16
VisualStudioVersion = 16.0.31005.135
MinimumVisualStudioVersion = 10.0.40219.1
Project("{FAE04EC0-301F-11D3-BF4B-00C04F79EFBC}") = "ArraysTasks", "ArraysTasks\ArraysTasks.csproj", "{C42A770B-EB4F-4F04-88F1-1617982172CE}"
EndProject
Global
	GlobalSection(SolutionConfigurationPlatforms) = preSolution
		Debug|Any CPU = Debug|Any CPU
		Release|Any CPU = Release|Any CPU
	EndGlobalSection
	GlobalSection(ProjectConfigurationPlatforms) = postSolution
		{C42A770B-EB4F-4F04-88F1-1617982172CE}.Debug|Any CPU.ActiveCfg = Debug|Any CPU
		{C42A770B-EB4F-4F04-88F1-1617982172CE}.Debug|Any CPU.Build.0 = Debug|Any CPU
		{C42A770B-EB4F-4F04-88F1-1617982172CE}.Release|Any CPU.ActiveCfg = Release|Any CPU
		{C42A770B-EB4F-4F04-88F1-1617982172CE}.Release|Any CPU.Build.0 = Release|Any CPU
	EndGlobalSection
	GlobalSection(SolutionProperties) = preSolution
		HideSolutionNode = FALSE
	EndGlobalSection
	GlobalSection(ExtensibilityGlobals) = postSolution
		SolutionGuid = {CCFA4202-BD9B-4D5B-B383-D5407AD2880D}
	EndGlobalSection
EndGlobal
