
Microsoft Visual Studio Solution File, Format Version 12.00
# Visual Studio Version 16
VisualStudioVersion = 16.0.31005.135
MinimumVisualStudioVersion = 10.0.40219.1
Project("{FAE04EC0-301F-11D3-BF4B-00C04F79EFBC}") = "Arrays2DTasks", "Arrays2DTasks\Arrays2DTasks.csproj", "{DDE1114A-D9F6-4605-AEC7-E7DE59D8D333}"
EndProject
Global
	GlobalSection(SolutionConfigurationPlatforms) = preSolution
		Debug|Any CPU = Debug|Any CPU
		Release|Any CPU = Release|Any CPU
	EndGlobalSection
	GlobalSection(ProjectConfigurationPlatforms) = postSolution
		{DDE1114A-D9F6-4605-AEC7-E7DE59D8D333}.Debug|Any CPU.ActiveCfg = Debug|Any CPU
		{DDE1114A-D9F6-4605-AEC7-E7DE59D8D333}.Debug|Any CPU.Build.0 = Debug|Any CPU
		{DDE1114A-D9F6-4605-AEC7-E7DE59D8D333}.Release|Any CPU.ActiveCfg = Release|Any CPU
		{DDE1114A-D9F6-4605-AEC7-E7DE59D8D333}.Release|Any CPU.Build.0 = Release|Any CPU
	EndGlobalSection
	GlobalSection(SolutionProperties) = preSolution
		HideSolutionNode = FALSE
	EndGlobalSection
	GlobalSection(ExtensibilityGlobals) = postSolution
		SolutionGuid = {56123DFF-8ED7-4BEB-8DFC-11517F88C110}
	EndGlobalSection
EndGlobal
